<?xml version="1.0" encoding="utf-8"?>
<Project ToolsVersion="4.0" xmlns="http://schemas.microsoft.com/developer/msbuild/2003">
  <ItemGroup>
    <Filter Include="Source Files">
      <UniqueIdentifier>{4FC737F1-C7A5-4376-A066-2A32D752A2FF}</UniqueIdentifier>
      <Extensions>cpp;c;cc;cxx;def;odl;idl;hpj;bat;asm;asmx</Extensions>
    </Filter>
    <Filter Include="Header Files">
      <UniqueIdentifier>{93995380-89BD-4b04-88EB-625FBE52EBFB}</UniqueIdentifier>
      <Extensions>h;hpp;hxx;hm;inl;inc;xsd</Extensions>
    </Filter>
    <Filter Include="gen_files">
      <UniqueIdentifier>{95fce10a-0a69-46b5-89f0-c5ffc1392fb0}</UniqueIdentifier>
    </Filter>
    <Filter Include="Resource Files">
      <UniqueIdentifier>{67DA6AB6-F800-4c08-8B7A-83BB121AAD01}</UniqueIdentifier>
      <Extensions>rc;ico;cur;bmp;dlg;rc2;rct;bin;rgs;gif;jpg;jpeg;jpe;resx;tiff;tif;png;wav;mfcribbon-ms</Extensions>
    </Filter>
    <Filter Include="Header Files\type">
      <UniqueIdentifier>{7629d180-4f04-4d3c-b3f7-5a565dcb2e42}</UniqueIdentifier>
    </Filter>
    <Filter Include="Source Files\type">
      <UniqueIdentifier>{75ad8ae5-8f44-48f4-a531-6f72d5beb946}</UniqueIdentifier>
    </Filter>
    <Filter Include="Header Files\variable">
      <UniqueIdentifier>{e498cd0d-2dd0-49fa-ac10-f1020f7e3f23}</UniqueIdentifier>
    </Filter>
    <Filter Include="Source Files\variable">
      <UniqueIdentifier>{3a0336d0-daf9-44b7-ac81-a1533ed7a4f2}</UniqueIdentifier>
    </Filter>
    <Filter Include="Header Files\function">
      <UniqueIdentifier>{007fb258-17b8-4348-9f14-32ea98f43bb8}</UniqueIdentifier>
    </Filter>
    <Filter Include="Source Files\function">
      <UniqueIdentifier>{b835d815-0c6b-4618-8f67-79a76a43b851}</UniqueIdentifier>
    </Filter>
    <Filter Include="Header Files\symbol">
      <UniqueIdentifier>{b3bbf74e-3353-49dd-b376-928a4fe7d6c1}</UniqueIdentifier>
    </Filter>
    <Filter Include="Source Files\symbol">
      <UniqueIdentifier>{71089a88-9e8a-4d5a-9e9c-e35a33a007c3}</UniqueIdentifier>
    </Filter>
  </ItemGroup>
  <ItemGroup>
    <ClCompile Include="..\src\type\BuildInType.cpp">
      <Filter>Source Files\type</Filter>
    </ClCompile>
    <ClCompile Include="..\src\type\ComposeType.cpp">
      <Filter>Source Files\type</Filter>
    </ClCompile>
    <ClCompile Include="..\src\type\TypeBase.cpp">
      <Filter>Source Files\type</Filter>
    </ClCompile>
    <ClCompile Include="..\src\type\MemberFunction.cpp">
      <Filter>Source Files\type</Filter>
    </ClCompile>
    <ClCompile Include="..\src\function\MemberFunction.cpp">
      <Filter>Source Files\function</Filter>
    </ClCompile>
    <ClCompile Include="..\src\variable\MemberVariable.cpp">
      <Filter>Source Files\variable</Filter>
    </ClCompile>
    <ClCompile Include="..\src\variable\Variable.cpp">
      <Filter>Source Files\variable</Filter>
    </ClCompile>
    <ClCompile Include="..\src\ProgramBlock.cpp">
      <Filter>Source Files</Filter>
    </ClCompile>
    <ClCompile Include="..\src\symbol\symbol_table.cpp">
      <Filter>Source Files\symbol</Filter>
    </ClCompile>
    <ClCompile Include="..\src\scope_define.cpp">
      <Filter>Source Files</Filter>
    </ClCompile>
  </ItemGroup>
  <ItemGroup>
    <ClInclude Include="..\src\baseDefine.h">
      <Filter>Header Files</Filter>
    </ClInclude>
    <ClInclude Include="..\src\type\BuildInType.h">
      <Filter>Header Files\type</Filter>
    </ClInclude>
    <ClInclude Include="..\src\type\ComposeType.h">
      <Filter>Header Files\type</Filter>
    </ClInclude>
    <ClInclude Include="..\src\type\MemberBase.h">
      <Filter>Header Files\type</Filter>
    </ClInclude>
    <ClInclude Include="..\src\type\MemberFunction.h">
      <Filter>Header Files\type</Filter>
    </ClInclude>
    <ClInclude Include="..\src\type\TypeBase.h">
      <Filter>Header Files\type</Filter>
    </ClInclude>
    <ClInclude Include="..\src\function\MemberFunction.h">
      <Filter>Header Files\function</Filter>
    </ClInclude>
    <ClInclude Include="..\src\variable\MemberVariable.h">
      <Filter>Header Files\variable</Filter>
    </ClInclude>
    <ClInclude Include="..\src\variable\Variable.h">
      <Filter>Header Files\variable</Filter>
    </ClInclude>
    <ClInclude Include="..\src\ProgramBlock.h">
      <Filter>Header Files</Filter>
    </ClInclude>
    <ClInclude Include="..\src\symbol\symbol_table.h">
      <Filter>Header Files\symbol</Filter>
    </ClInclude>
    <ClInclude Include="..\src\scope_define.h">
      <Filter>Header Files</Filter>
    </ClInclude>
  </ItemGroup>
  <ItemGroup>
    <CustomBuild Include="..\src\tokens.l" />
    <CustomBuild Include="..\src\parser.y" />
  </ItemGroup>
  <ItemGroup>
    <None Include="ClassDiagram.cd" />
  </ItemGroup>
</Project>